
Microsoft Visual Studio Solution File, Format Version 12.00
# Visual Studio 14
VisualStudioVersion = 14.0.25420.1
MinimumVisualStudioVersion = 10.0.40219.1
Project("{8BC9CEB8-8B4A-11D0-8D11-00A0C91BC942}") = "1、interview_test", "interview_test\interview_test.vcxproj", "{CA45A15F-19E9-4399-A96E-81E86EEBA69D}"
EndProject
Project("{8BC9CEB8-8B4A-11D0-8D11-00A0C91BC942}") = "Shopee", "Shopee\Shopee.vcxproj", "{3F70FF9A-2285-4269-BDB1-72025DB45DF7}"
EndProject
Project("{8BC9CEB8-8B4A-11D0-8D11-00A0C91BC942}") = "百度", "百度\百度.vcxproj", "{785FEA52-E3B2-4688-A8CA-A01CF81D861D}"
EndProject
Project("{8BC9CEB8-8B4A-11D0-8D11-00A0C91BC942}") = "美团", "美团\美团.vcxproj", "{D8409CDF-F70F-429A-A4B8-DE2C02D754B4}"
EndProject
Project("{8BC9CEB8-8B4A-11D0-8D11-00A0C91BC942}") = "华为", "华为\华为.vcxproj", "{2D550A67-C550-4818-8728-E34B83005333}"
EndProject
Project("{8BC9CEB8-8B4A-11D0-8D11-00A0C91BC942}") = "深信服", "深信服\深信服.vcxproj", "{644ACF7F-6725-49D1-8581-7E18EFAD8F79}"
EndProject
Project("{8BC9CEB8-8B4A-11D0-8D11-00A0C91BC942}") = "4、C++基本测试", "C++基本测试\C++基本测试.vcxproj", "{8A4A1CE3-AA11-44B9-AF65-300332AC249B}"
EndProject
Project("{8BC9CEB8-8B4A-11D0-8D11-00A0C91BC942}") = "滴滴", "滴滴\滴滴.vcxproj", "{2F1F75AB-3119-4907-8C6C-12D9873FE240}"
EndProject
Project("{8BC9CEB8-8B4A-11D0-8D11-00A0C91BC942}") = "2、剑指", "剑指\剑指.vcxproj", "{65E2EFF4-72E0-45FD-8E9E-B039DF2EAA9A}"
EndProject
Project("{8BC9CEB8-8B4A-11D0-8D11-00A0C91BC942}") = "字节跳动", "字节跳动\字节跳动.vcxproj", "{7354E492-7F16-4947-BA2F-197D746E2795}"
EndProject
Project("{8BC9CEB8-8B4A-11D0-8D11-00A0C91BC942}") = "3、数据结构", "2、数据结构\2、数据结构.vcxproj", "{8A881D35-A7AE-4458-A92A-4BB6601478D0}"
EndProject
Project("{8BC9CEB8-8B4A-11D0-8D11-00A0C91BC942}") = "算法", "算法\算法.vcxproj", "{8804AE53-505F-4FAD-A86B-360EA6B5F045}"
EndProject
Project("{8BC9CEB8-8B4A-11D0-8D11-00A0C91BC942}") = "科大讯飞", "科大讯飞\科大讯飞.vcxproj", "{EB4BB8AB-25FB-444B-B56C-970C70EB3DA1}"
EndProject
Global
	GlobalSection(SolutionConfigurationPlatforms) = preSolution
		Debug|x64 = Debug|x64
		Debug|x86 = Debug|x86
		Release|x64 = Release|x64
		Release|x86 = Release|x86
	EndGlobalSection
	GlobalSection(ProjectConfigurationPlatforms) = postSolution
		{CA45A15F-19E9-4399-A96E-81E86EEBA69D}.Debug|x64.ActiveCfg = Debug|x64
		{CA45A15F-19E9-4399-A96E-81E86EEBA69D}.Debug|x64.Build.0 = Debug|x64
		{CA45A15F-19E9-4399-A96E-81E86EEBA69D}.Debug|x86.ActiveCfg = Debug|Win32
		{CA45A15F-19E9-4399-A96E-81E86EEBA69D}.Debug|x86.Build.0 = Debug|Win32
		{CA45A15F-19E9-4399-A96E-81E86EEBA69D}.Release|x64.ActiveCfg = Release|x64
		{CA45A15F-19E9-4399-A96E-81E86EEBA69D}.Release|x64.Build.0 = Release|x64
		{CA45A15F-19E9-4399-A96E-81E86EEBA69D}.Release|x86.ActiveCfg = Release|Win32
		{CA45A15F-19E9-4399-A96E-81E86EEBA69D}.Release|x86.Build.0 = Release|Win32
		{3F70FF9A-2285-4269-BDB1-72025DB45DF7}.Debug|x64.ActiveCfg = Debug|x64
		{3F70FF9A-2285-4269-BDB1-72025DB45DF7}.Debug|x64.Build.0 = Debug|x64
		{3F70FF9A-2285-4269-BDB1-72025DB45DF7}.Debug|x86.ActiveCfg = Debug|Win32
		{3F70FF9A-2285-4269-BDB1-72025DB45DF7}.Debug|x86.Build.0 = Debug|Win32
		{3F70FF9A-2285-4269-BDB1-72025DB45DF7}.Release|x64.ActiveCfg = Release|x64
		{3F70FF9A-2285-4269-BDB1-72025DB45DF7}.Release|x64.Build.0 = Release|x64
		{3F70FF9A-2285-4269-BDB1-72025DB45DF7}.Release|x86.ActiveCfg = Release|Win32
		{3F70FF9A-2285-4269-BDB1-72025DB45DF7}.Release|x86.Build.0 = Release|Win32
		{785FEA52-E3B2-4688-A8CA-A01CF81D861D}.Debug|x64.ActiveCfg = Debug|x64
		{785FEA52-E3B2-4688-A8CA-A01CF81D861D}.Debug|x64.Build.0 = Debug|x64
		{785FEA52-E3B2-4688-A8CA-A01CF81D861D}.Debug|x86.ActiveCfg = Debug|Win32
		{785FEA52-E3B2-4688-A8CA-A01CF81D861D}.Debug|x86.Build.0 = Debug|Win32
		{785FEA52-E3B2-4688-A8CA-A01CF81D861D}.Release|x64.ActiveCfg = Release|x64
		{785FEA52-E3B2-4688-A8CA-A01CF81D861D}.Release|x64.Build.0 = Release|x64
		{785FEA52-E3B2-4688-A8CA-A01CF81D861D}.Release|x86.ActiveCfg = Release|Win32
		{785FEA52-E3B2-4688-A8CA-A01CF81D861D}.Release|x86.Build.0 = Release|Win32
		{D8409CDF-F70F-429A-A4B8-DE2C02D754B4}.Debug|x64.ActiveCfg = Debug|x64
		{D8409CDF-F70F-429A-A4B8-DE2C02D754B4}.Debug|x64.Build.0 = Debug|x64
		{D8409CDF-F70F-429A-A4B8-DE2C02D754B4}.Debug|x86.ActiveCfg = Debug|Win32
		{D8409CDF-F70F-429A-A4B8-DE2C02D754B4}.Debug|x86.Build.0 = Debug|Win32
		{D8409CDF-F70F-429A-A4B8-DE2C02D754B4}.Release|x64.ActiveCfg = Release|x64
		{D8409CDF-F70F-429A-A4B8-DE2C02D754B4}.Release|x64.Build.0 = Release|x64
		{D8409CDF-F70F-429A-A4B8-DE2C02D754B4}.Release|x86.ActiveCfg = Release|Win32
		{D8409CDF-F70F-429A-A4B8-DE2C02D754B4}.Release|x86.Build.0 = Release|Win32
		{2D550A67-C550-4818-8728-E34B83005333}.Debug|x64.ActiveCfg = Debug|x64
		{2D550A67-C550-4818-8728-E34B83005333}.Debug|x64.Build.0 = Debug|x64
		{2D550A67-C550-4818-8728-E34B83005333}.Debug|x86.ActiveCfg = Debug|Win32
		{2D550A67-C550-4818-8728-E34B83005333}.Debug|x86.Build.0 = Debug|Win32
		{2D550A67-C550-4818-8728-E34B83005333}.Release|x64.ActiveCfg = Release|x64
		{2D550A67-C550-4818-8728-E34B83005333}.Release|x64.Build.0 = Release|x64
		{2D550A67-C550-4818-8728-E34B83005333}.Release|x86.ActiveCfg = Release|Win32
		{2D550A67-C550-4818-8728-E34B83005333}.Release|x86.Build.0 = Release|Win32
		{644ACF7F-6725-49D1-8581-7E18EFAD8F79}.Debug|x64.ActiveCfg = Debug|x64
		{644ACF7F-6725-49D1-8581-7E18EFAD8F79}.Debug|x64.Build.0 = Debug|x64
		{644ACF7F-6725-49D1-8581-7E18EFAD8F79}.Debug|x86.ActiveCfg = Debug|Win32
		{644ACF7F-6725-49D1-8581-7E18EFAD8F79}.Debug|x86.Build.0 = Debug|Win32
		{644ACF7F-6725-49D1-8581-7E18EFAD8F79}.Release|x64.ActiveCfg = Release|x64
		{644ACF7F-6725-49D1-8581-7E18EFAD8F79}.Release|x64.Build.0 = Release|x64
		{644ACF7F-6725-49D1-8581-7E18EFAD8F79}.Release|x86.ActiveCfg = Release|Win32
		{644ACF7F-6725-49D1-8581-7E18EFAD8F79}.Release|x86.Build.0 = Release|Win32
		{8A4A1CE3-AA11-44B9-AF65-300332AC249B}.Debug|x64.ActiveCfg = Debug|x64
		{8A4A1CE3-AA11-44B9-AF65-300332AC249B}.Debug|x64.Build.0 = Debug|x64
		{8A4A1CE3-AA11-44B9-AF65-300332AC249B}.Debug|x86.ActiveCfg = Debug|Win32
		{8A4A1CE3-AA11-44B9-AF65-300332AC249B}.Debug|x86.Build.0 = Debug|Win32
		{8A4A1CE3-AA11-44B9-AF65-300332AC249B}.Release|x64.ActiveCfg = Release|x64
		{8A4A1CE3-AA11-44B9-AF65-300332AC249B}.Release|x64.Build.0 = Release|x64
		{8A4A1CE3-AA11-44B9-AF65-300332AC249B}.Release|x86.ActiveCfg = Release|Win32
		{8A4A1CE3-AA11-44B9-AF65-300332AC249B}.Release|x86.Build.0 = Release|Win32
		{2F1F75AB-3119-4907-8C6C-12D9873FE240}.Debug|x64.ActiveCfg = Debug|x64
		{2F1F75AB-3119-4907-8C6C-12D9873FE240}.Debug|x64.Build.0 = Debug|x64
		{2F1F75AB-3119-4907-8C6C-12D9873FE240}.Debug|x86.ActiveCfg = Debug|Win32
		{2F1F75AB-3119-4907-8C6C-12D9873FE240}.Debug|x86.Build.0 = Debug|Win32
		{2F1F75AB-3119-4907-8C6C-12D9873FE240}.Release|x64.ActiveCfg = Release|x64
		{2F1F75AB-3119-4907-8C6C-12D9873FE240}.Release|x64.Build.0 = Release|x64
		{2F1F75AB-3119-4907-8C6C-12D9873FE240}.Release|x86.ActiveCfg = Release|Win32
		{2F1F75AB-3119-4907-8C6C-12D9873FE240}.Release|x86.Build.0 = Release|Win32
		{65E2EFF4-72E0-45FD-8E9E-B039DF2EAA9A}.Debug|x64.ActiveCfg = Debug|x64
		{65E2EFF4-72E0-45FD-8E9E-B039DF2EAA9A}.Debug|x64.Build.0 = Debug|x64
		{65E2EFF4-72E0-45FD-8E9E-B039DF2EAA9A}.Debug|x86.ActiveCfg = Debug|Win32
		{65E2EFF4-72E0-45FD-8E9E-B039DF2EAA9A}.Debug|x86.Build.0 = Debug|Win32
		{65E2EFF4-72E0-45FD-8E9E-B039DF2EAA9A}.Release|x64.ActiveCfg = Release|x64
		{65E2EFF4-72E0-45FD-8E9E-B039DF2EAA9A}.Release|x64.Build.0 = Release|x64
		{65E2EFF4-72E0-45FD-8E9E-B039DF2EAA9A}.Release|x86.ActiveCfg = Release|Win32
		{65E2EFF4-72E0-45FD-8E9E-B039DF2EAA9A}.Release|x86.Build.0 = Release|Win32
		{7354E492-7F16-4947-BA2F-197D746E2795}.Debug|x64.ActiveCfg = Debug|x64
		{7354E492-7F16-4947-BA2F-197D746E2795}.Debug|x64.Build.0 = Debug|x64
		{7354E492-7F16-4947-BA2F-197D746E2795}.Debug|x86.ActiveCfg = Debug|Win32
		{7354E492-7F16-4947-BA2F-197D746E2795}.Debug|x86.Build.0 = Debug|Win32
		{7354E492-7F16-4947-BA2F-197D746E2795}.Release|x64.ActiveCfg = Release|x64
		{7354E492-7F16-4947-BA2F-197D746E2795}.Release|x64.Build.0 = Release|x64
		{7354E492-7F16-4947-BA2F-197D746E2795}.Release|x86.ActiveCfg = Release|Win32
		{7354E492-7F16-4947-BA2F-197D746E2795}.Release|x86.Build.0 = Release|Win32
		{8A881D35-A7AE-4458-A92A-4BB6601478D0}.Debug|x64.ActiveCfg = Debug|x64
		{8A881D35-A7AE-4458-A92A-4BB6601478D0}.Debug|x64.Build.0 = Debug|x64
		{8A881D35-A7AE-4458-A92A-4BB6601478D0}.Debug|x86.ActiveCfg = Debug|Win32
		{8A881D35-A7AE-4458-A92A-4BB6601478D0}.Debug|x86.Build.0 = Debug|Win32
		{8A881D35-A7AE-4458-A92A-4BB6601478D0}.Release|x64.ActiveCfg = Release|x64
		{8A881D35-A7AE-4458-A92A-4BB6601478D0}.Release|x64.Build.0 = Release|x64
		{8A881D35-A7AE-4458-A92A-4BB6601478D0}.Release|x86.ActiveCfg = Release|Win32
		{8A881D35-A7AE-4458-A92A-4BB6601478D0}.Release|x86.Build.0 = Release|Win32
		{8804AE53-505F-4FAD-A86B-360EA6B5F045}.Debug|x64.ActiveCfg = Debug|x64
		{8804AE53-505F-4FAD-A86B-360EA6B5F045}.Debug|x64.Build.0 = Debug|x64
		{8804AE53-505F-4FAD-A86B-360EA6B5F045}.Debug|x86.ActiveCfg = Debug|Win32
		{8804AE53-505F-4FAD-A86B-360EA6B5F045}.Debug|x86.Build.0 = Debug|Win32
		{8804AE53-505F-4FAD-A86B-360EA6B5F045}.Release|x64.ActiveCfg = Release|x64
		{8804AE53-505F-4FAD-A86B-360EA6B5F045}.Release|x64.Build.0 = Release|x64
		{8804AE53-505F-4FAD-A86B-360EA6B5F045}.Release|x86.ActiveCfg = Release|Win32
		{8804AE53-505F-4FAD-A86B-360EA6B5F045}.Release|x86.Build.0 = Release|Win32
		{EB4BB8AB-25FB-444B-B56C-970C70EB3DA1}.Debug|x64.ActiveCfg = Debug|x64
		{EB4BB8AB-25FB-444B-B56C-970C70EB3DA1}.Debug|x64.Build.0 = Debug|x64
		{EB4BB8AB-25FB-444B-B56C-970C70EB3DA1}.Debug|x86.ActiveCfg = Debug|Win32
		{EB4BB8AB-25FB-444B-B56C-970C70EB3DA1}.Debug|x86.Build.0 = Debug|Win32
		{EB4BB8AB-25FB-444B-B56C-970C70EB3DA1}.Release|x64.ActiveCfg = Release|x64
		{EB4BB8AB-25FB-444B-B56C-970C70EB3DA1}.Release|x64.Build.0 = Release|x64
		{EB4BB8AB-25FB-444B-B56C-970C70EB3DA1}.Release|x86.ActiveCfg = Release|Win32
		{EB4BB8AB-25FB-444B-B56C-970C70EB3DA1}.Release|x86.Build.0 = Release|Win32
	EndGlobalSection
	GlobalSection(SolutionProperties) = preSolution
		HideSolutionNode = FALSE
	EndGlobalSection
EndGlobal
